{
  "name": "roundness",
  "version": "1.0.0",
  "lockfileVersion": 2,
  "requires": true,
  "packages": {
    "": {
      "version": "1.0.0",
      "license": "ISC",
      "dependencies": {
        "jsts": "^2.6.1",
        "max-inscribed-circle": "^2.0.1"
      },
      "bin": {
        "max-circle": "max-circle.js"
      }
    },
    "node_modules/@turf/area": {
      "version": "6.3.0",
      "resolved": "https://registry.npmjs.org/@turf/area/-/area-6.3.0.tgz",
      "integrity": "sha512-Y1cYyAQ2fk94npdgOeMF4msc2uabHY1m7A7ntixf1I8rkyDd6/iHh1IMy1QsM+VZXAEwDwsXhu+ZFYd3Jkeg4A==",
      "dependencies": {
        "@turf/helpers": "^6.3.0",
        "@turf/meta": "^6.3.0"
      }
    },
    "node_modules/@turf/bbox": {
      "version": "6.3.0",
      "resolved": "https://registry.npmjs.org/@turf/bbox/-/bbox-6.3.0.tgz",
      "integrity": "sha512-N4ue5Xopu1qieSHP2MA/CJGWHPKaTrVXQJjzHRNcY1vtsO126xbSaJhWUrFc5x5vVkXp0dcucGryO0r5m4o/KA==",
      "dependencies": {
        "@turf/helpers": "^6.3.0",
        "@turf/meta": "^6.3.0"
      }
    },
    "node_modules/@turf/bearing": {
      "version": "6.3.0",
      "resolved": "https://registry.npmjs.org/@turf/bearing/-/bearing-6.3.0.tgz",
      "integrity": "sha512-apuUm9xN6VQLO33m7F2mmzlm3dHfeesJjMSzh9iehGtgmp1IaVndjdcIvs0ieiwm8bN9UhwXpfPtO3pV0n9SFw==",
      "dependencies": {
        "@turf/helpers": "^6.3.0",
        "@turf/invariant": "^6.3.0"
      }
    },
    "node_modules/@turf/boolean-point-in-polygon": {
      "version": "5.1.5",
      "resolved": "https://registry.npmjs.org/@turf/boolean-point-in-polygon/-/boolean-point-in-polygon-5.1.5.tgz",
      "integrity": "sha1-8BzBlNHgMKVIv9qYHLpDz9YpQbc=",
      "dependencies": {
        "@turf/helpers": "^5.1.5",
        "@turf/invariant": "^5.1.5"
      }
    },
    "node_modules/@turf/boolean-point-in-polygon/node_modules/@turf/helpers": {
      "version": "5.1.5",
      "resolved": "https://registry.npmjs.org/@turf/helpers/-/helpers-5.1.5.tgz",
      "integrity": "sha1-FTQFInq5M9AEpbuWQantmZ/L4M8="
    },
    "node_modules/@turf/boolean-point-in-polygon/node_modules/@turf/invariant": {
      "version": "5.2.0",
      "resolved": "https://registry.npmjs.org/@turf/invariant/-/invariant-5.2.0.tgz",
      "integrity": "sha1-8BUP9ykLOFd7c9CIt5MsHuCqkKc=",
      "dependencies": {
        "@turf/helpers": "^5.1.5"
      }
    },
    "node_modules/@turf/centroid": {
      "version": "6.3.0",
      "resolved": "https://registry.npmjs.org/@turf/centroid/-/centroid-6.3.0.tgz",
      "integrity": "sha512-7KTyqhUEqXDoyR/nf/jAXiW8ZVszEnrp5XZkgYyrf2GWdSovSO0iCN1J3bE2jkJv7IWyeDmGYL61GGzuTSZS2Q==",
      "dependencies": {
        "@turf/helpers": "^6.3.0",
        "@turf/meta": "^6.3.0"
      }
    },
    "node_modules/@turf/destination": {
      "version": "6.3.0",
      "resolved": "https://registry.npmjs.org/@turf/destination/-/destination-6.3.0.tgz",
      "integrity": "sha512-aLt3U/XkJWyZW08Ln1qZwBNAGh27yhmYLu892+dBj3gKP6UUiR6ZopXxrBwjBVe00A6k2ktftKDn79qe0hptuw==",
      "dependencies": {
        "@turf/helpers": "^6.3.0",
        "@turf/invariant": "^6.3.0"
      }
    },
    "node_modules/@turf/distance": {
      "version": "6.3.0",
      "resolved": "https://registry.npmjs.org/@turf/distance/-/distance-6.3.0.tgz",
      "integrity": "sha512-basi24ssNFnH3iXPFjp/aNUrukjObiFWoIyDRqKyBJxVwVOwAWvfk4d38QQyBj5nDo5IahYRq/Q+T47/5hSs9w==",
      "dependencies": {
        "@turf/helpers": "^6.3.0",
        "@turf/invariant": "^6.3.0"
      }
    },
    "node_modules/@turf/helpers": {
      "version": "6.3.0",
      "resolved": "https://registry.npmjs.org/@turf/helpers/-/helpers-6.3.0.tgz",
      "integrity": "sha512-kr6KuD4Z0GZ30tblTEvi90rvvVNlKieXuMC8CTzE/rVQb0/f/Cb29zCXxTD7giQTEQY/P2nRW23wEqqyNHulCg=="
    },
    "node_modules/@turf/invariant": {
      "version": "6.3.0",
      "resolved": "https://registry.npmjs.org/@turf/invariant/-/invariant-6.3.0.tgz",
      "integrity": "sha512-2OFOi9p+QOrcIMySEnr+WlOiKaFZ1bY56jA98YyECewJHfhPFWUBZEhc4nWGRT0ahK08Vus9+gcuBX8QIpCIIw==",
      "dependencies": {
        "@turf/helpers": "^6.3.0"
      }
    },
    "node_modules/@turf/line-intersect": {
      "version": "6.3.0",
      "resolved": "https://registry.npmjs.org/@turf/line-intersect/-/line-intersect-6.3.0.tgz",
      "integrity": "sha512-3naxR7XpkPd2vst3Mw6DFry4C9m3o0/f2n/xu5UAyxb88Ie4m2k+1eqkhzMMx/0L+E6iThWpLx7DASM6q6o9ow==",
      "dependencies": {
        "@turf/helpers": "^6.3.0",
        "@turf/invariant": "^6.3.0",
        "@turf/line-segment": "^6.3.0",
        "@turf/meta": "^6.3.0",
        "geojson-rbush": "3.x"
      }
    },
    "node_modules/@turf/line-segment": {
      "version": "6.3.0",
      "resolved": "https://registry.npmjs.org/@turf/line-segment/-/line-segment-6.3.0.tgz",
      "integrity": "sha512-M+aDy83V+E7jYWNaf+b+A88yhnMrJhyg/lhAj6mU6UeB2PbruXB2qgSmmVDSE2dIknOvZZuIWNzEzUI07RO2kw==",
      "dependencies": {
        "@turf/helpers": "^6.3.0",
        "@turf/invariant": "^6.3.0",
        "@turf/meta": "^6.3.0"
      }
    },
    "node_modules/@turf/meta": {
      "version": "6.3.0",
      "resolved": "https://registry.npmjs.org/@turf/meta/-/meta-6.3.0.tgz",
      "integrity": "sha512-qBJjaAJS9H3ap0HlGXyF/Bzfl0qkA9suafX/jnDsZvWMfVLt+s+o6twKrXOGk5t7nnNON2NFRC8+czxpu104EQ==",
      "dependencies": {
        "@turf/helpers": "^6.3.0"
      }
    },
    "node_modules/@turf/nearest-point-on-line": {
      "version": "6.3.0",
      "resolved": "https://registry.npmjs.org/@turf/nearest-point-on-line/-/nearest-point-on-line-6.3.0.tgz",
      "integrity": "sha512-b4C9Md1VbGn9chMgdSj2grJD4w4t0owEWOKEBwOZfdhrcksyOedVvKB7XqOFdj/8Jitel40EKAC5LQTNu24kEQ==",
      "dependencies": {
        "@turf/bearing": "^6.3.0",
        "@turf/destination": "^6.3.0",
        "@turf/distance": "^6.3.0",
        "@turf/helpers": "^6.3.0",
        "@turf/invariant": "^6.3.0",
        "@turf/line-intersect": "^6.3.0",
        "@turf/meta": "^6.3.0"
      }
    },
    "node_modules/@turf/points-within-polygon": {
      "version": "5.1.5",
      "resolved": "https://registry.npmjs.org/@turf/points-within-polygon/-/points-within-polygon-5.1.5.tgz",
      "integrity": "sha1-K4VaXfOq2lfC7oIKB1SrlJKKIzc=",
      "dependencies": {
        "@turf/boolean-point-in-polygon": "^5.1.5",
        "@turf/helpers": "^5.1.5",
        "@turf/meta": "^5.1.5"
      }
    },
    "node_modules/@turf/points-within-polygon/node_modules/@turf/helpers": {
      "version": "5.1.5",
      "resolved": "https://registry.npmjs.org/@turf/helpers/-/helpers-5.1.5.tgz",
      "integrity": "sha1-FTQFInq5M9AEpbuWQantmZ/L4M8="
    },
    "node_modules/@turf/points-within-polygon/node_modules/@turf/meta": {
      "version": "5.2.0",
      "resolved": "https://registry.npmjs.org/@turf/meta/-/meta-5.2.0.tgz",
      "integrity": "sha1-OxrUhe4MOwsXdRMqMsOE1T5LpT0=",
      "dependencies": {
        "@turf/helpers": "^5.1.5"
      }
    },
    "node_modules/assertion-error": {
      "version": "1.1.0",
      "resolved": "https://registry.npmjs.org/assertion-error/-/assertion-error-1.1.0.tgz",
      "integrity": "sha512-jgsaNduz+ndvGyFt3uSuWqvy4lCnIJiovtouQN5JZHOKCS2QuhEdbcQHFhVksz2N2U9hXJo8odG7ETyWlEeuDw==",
      "engines": {
        "node": "*"
      }
    },
    "node_modules/chai": {
      "version": "4.3.4",
      "resolved": "https://registry.npmjs.org/chai/-/chai-4.3.4.tgz",
      "integrity": "sha512-yS5H68VYOCtN1cjfwumDSuzn/9c+yza4f3reKXlE5rUg7SFcCEy90gJvydNgOYtblyf4Zi6jIWRnXOgErta0KA==",
      "dependencies": {
        "assertion-error": "^1.1.0",
        "check-error": "^1.0.2",
        "deep-eql": "^3.0.1",
        "get-func-name": "^2.0.0",
        "pathval": "^1.1.1",
        "type-detect": "^4.0.5"
      },
      "engines": {
        "node": ">=4"
      }
    },
    "node_modules/check-error": {
      "version": "1.0.2",
      "resolved": "https://registry.npmjs.org/check-error/-/check-error-1.0.2.tgz",
      "integrity": "sha1-V00xLt2Iu13YkS6Sht1sCu1KrII=",
      "engines": {
        "node": "*"
      }
    },
    "node_modules/deep-eql": {
      "version": "3.0.1",
      "resolved": "https://registry.npmjs.org/deep-eql/-/deep-eql-3.0.1.tgz",
      "integrity": "sha512-+QeIQyN5ZuO+3Uk5DYh6/1eKO0m0YmJFGNmFHGACpf1ClL1nmlV/p4gNgbl2pJGxgXb4faqo6UE+M5ACEMyVcw==",
      "dependencies": {
        "type-detect": "^4.0.0"
      },
      "engines": {
        "node": ">=0.12"
      }
    },
    "node_modules/geojson-rbush": {
      "version": "3.1.2",
      "resolved": "https://registry.npmjs.org/geojson-rbush/-/geojson-rbush-3.1.2.tgz",
      "integrity": "sha512-grkfdg3HIeTjwTfiJe5FT8+fGU3fABCc+vRJDBwdQz9kkLF0Sbif2gs2JUzjewwgmnvLGy9fInySDeADoNuk7w==",
      "dependencies": {
        "@turf/bbox": "*",
        "@turf/helpers": "6.x",
        "@turf/meta": "6.x",
        "rbush": "^2.0.0"
      }
    },
    "node_modules/get-func-name": {
      "version": "2.0.0",
      "resolved": "https://registry.npmjs.org/get-func-name/-/get-func-name-2.0.0.tgz",
      "integrity": "sha1-6td0q+5y4gQJQzoGY2YCPdaIekE=",
      "engines": {
        "node": "*"
      }
    },
    "node_modules/jsts": {
      "version": "2.6.1",
      "resolved": "https://registry.npmjs.org/jsts/-/jsts-2.6.1.tgz",
      "integrity": "sha512-+uKq5RhZ2ZBDghNVhd6fnHXPlpuBg5zGln4piL0fWlaWiP91WI4bsOM3BBCbntTvo2iYTQ+Kqrqhes5yPe0s9Q==",
      "engines": {
        "node": ">= 12"
      }
    },
    "node_modules/max-inscribed-circle": {
      "version": "2.0.1",
      "resolved": "https://registry.npmjs.org/max-inscribed-circle/-/max-inscribed-circle-2.0.1.tgz",
      "integrity": "sha512-XQY51/9YsP+DpuXEoWrz8C1CI0z6IGjJ/PZjViFHwI9juIu/yT9e86oTuhwjoVwVKcGlQ8e9ej5mgTh++DwF1g==",
      "dependencies": {
        "@turf/area": "^6.0.1",
        "@turf/centroid": "^6.0.2",
        "@turf/nearest-point-on-line": "^6.0.2",
        "@turf/points-within-polygon": "^5.1.5",
        "chai": "^4.2.0",
        "turf-point": "^2.0.1",
        "voronoi": "^1.0.0"
      }
    },
    "node_modules/minimist": {
      "version": "1.2.8",
      "resolved": "https://registry.npmjs.org/minimist/-/minimist-1.2.8.tgz",
      "integrity": "sha512-2yyAR8qBkN3YuheJanUpWC5U3bb5osDywNB8RzDVlDwDHbocAJveqqj1u8+SVD7jkWT4yvsHCpWqqWqAxb0zCA==",
      "funding": {
        "url": "https://github.com/sponsors/ljharb"
      }
    },
    "node_modules/pathval": {
      "version": "1.1.1",
      "resolved": "https://registry.npmjs.org/pathval/-/pathval-1.1.1.tgz",
      "integrity": "sha512-Dp6zGqpTdETdR63lehJYPeIOqpiNBNtc7BpWSLrOje7UaIsE5aY92r/AunQA7rsXvet3lrJ3JnZX29UPTKXyKQ==",
      "engines": {
        "node": "*"
      }
    },
    "node_modules/quickselect": {
      "version": "1.1.1",
      "resolved": "https://registry.npmjs.org/quickselect/-/quickselect-1.1.1.tgz",
      "integrity": "sha512-qN0Gqdw4c4KGPsBOQafj6yj/PA6c/L63f6CaZ/DCF/xF4Esu3jVmKLUDYxghFx8Kb/O7y9tI7x2RjTSXwdK1iQ=="
    },
    "node_modules/rbush": {
      "version": "2.0.2",
      "resolved": "https://registry.npmjs.org/rbush/-/rbush-2.0.2.tgz",
      "integrity": "sha512-XBOuALcTm+O/H8G90b6pzu6nX6v2zCKiFG4BJho8a+bY6AER6t8uQUZdi5bomQc0AprCWhEGa7ncAbbRap0bRA==",
      "dependencies": {
        "quickselect": "^1.0.1"
      }
    },
    "node_modules/turf-point": {
      "version": "2.0.1",
      "resolved": "https://registry.npmjs.org/turf-point/-/turf-point-2.0.1.tgz",
      "integrity": "sha1-otzDCi0g9Ez1xicd97riwOIUYGk=",
      "dependencies": {
        "minimist": "^1.1.0"
      },
      "bin": {
        "turf-point": "bin/point.js"
      }
    },
    "node_modules/type-detect": {
      "version": "4.0.8",
      "resolved": "https://registry.npmjs.org/type-detect/-/type-detect-4.0.8.tgz",
      "integrity": "sha512-0fr/mIH1dlO+x7TlcMy+bIDqKPsw/70tVyeHW787goQjhmqaZe10uwLujubK9q9Lg6Fiho1KUKDYz0Z7k7g5/g==",
      "engines": {
        "node": ">=4"
      }
    },
    "node_modules/voronoi": {
      "version": "1.0.0",
      "resolved": "https://registry.npmjs.org/voronoi/-/voronoi-1.0.0.tgz",
      "integrity": "sha1-wIPK+pjENZpRgBi/6IYkyyJ6wpE="
    }
  },
  "dependencies": {
    "@turf/area": {
      "version": "6.3.0",
      "resolved": "https://registry.npmjs.org/@turf/area/-/area-6.3.0.tgz",
      "integrity": "sha512-Y1cYyAQ2fk94npdgOeMF4msc2uabHY1m7A7ntixf1I8rkyDd6/iHh1IMy1QsM+VZXAEwDwsXhu+ZFYd3Jkeg4A==",
      "requires": {
        "@turf/helpers": "^6.3.0",
        "@turf/meta": "^6.3.0"
      }
    },
    "@turf/bbox": {
      "version": "6.3.0",
      "resolved": "https://registry.npmjs.org/@turf/bbox/-/bbox-6.3.0.tgz",
      "integrity": "sha512-N4ue5Xopu1qieSHP2MA/CJGWHPKaTrVXQJjzHRNcY1vtsO126xbSaJhWUrFc5x5vVkXp0dcucGryO0r5m4o/KA==",
      "requires": {
        "@turf/helpers": "^6.3.0",
        "@turf/meta": "^6.3.0"
      }
    },
    "@turf/bearing": {
      "version": "6.3.0",
      "resolved": "https://registry.npmjs.org/@turf/bearing/-/bearing-6.3.0.tgz",
      "integrity": "sha512-apuUm9xN6VQLO33m7F2mmzlm3dHfeesJjMSzh9iehGtgmp1IaVndjdcIvs0ieiwm8bN9UhwXpfPtO3pV0n9SFw==",
      "requires": {
        "@turf/helpers": "^6.3.0",
        "@turf/invariant": "^6.3.0"
      }
    },
    "@turf/boolean-point-in-polygon": {
      "version": "5.1.5",
      "resolved": "https://registry.npmjs.org/@turf/boolean-point-in-polygon/-/boolean-point-in-polygon-5.1.5.tgz",
      "integrity": "sha1-8BzBlNHgMKVIv9qYHLpDz9YpQbc=",
      "requires": {
        "@turf/helpers": "^5.1.5",
        "@turf/invariant": "^5.1.5"
      },
      "dependencies": {
        "@turf/helpers": {
          "version": "5.1.5",
          "resolved": "https://registry.npmjs.org/@turf/helpers/-/helpers-5.1.5.tgz",
          "integrity": "sha1-FTQFInq5M9AEpbuWQantmZ/L4M8="
        },
        "@turf/invariant": {
          "version": "5.2.0",
          "resolved": "https://registry.npmjs.org/@turf/invariant/-/invariant-5.2.0.tgz",
          "integrity": "sha1-8BUP9ykLOFd7c9CIt5MsHuCqkKc=",
          "requires": {
            "@turf/helpers": "^5.1.5"
          }
        }
      }
    },
    "@turf/centroid": {
      "version": "6.3.0",
      "resolved": "https://registry.npmjs.org/@turf/centroid/-/centroid-6.3.0.tgz",
      "integrity": "sha512-7KTyqhUEqXDoyR/nf/jAXiW8ZVszEnrp5XZkgYyrf2GWdSovSO0iCN1J3bE2jkJv7IWyeDmGYL61GGzuTSZS2Q==",
      "requires": {
        "@turf/helpers": "^6.3.0",
        "@turf/meta": "^6.3.0"
      }
    },
    "@turf/destination": {
      "version": "6.3.0",
      "resolved": "https://registry.npmjs.org/@turf/destination/-/destination-6.3.0.tgz",
      "integrity": "sha512-aLt3U/XkJWyZW08Ln1qZwBNAGh27yhmYLu892+dBj3gKP6UUiR6ZopXxrBwjBVe00A6k2ktftKDn79qe0hptuw==",
      "requires": {
        "@turf/helpers": "^6.3.0",
        "@turf/invariant": "^6.3.0"
      }
    },
    "@turf/distance": {
      "version": "6.3.0",
      "resolved": "https://registry.npmjs.org/@turf/distance/-/distance-6.3.0.tgz",
      "integrity": "sha512-basi24ssNFnH3iXPFjp/aNUrukjObiFWoIyDRqKyBJxVwVOwAWvfk4d38QQyBj5nDo5IahYRq/Q+T47/5hSs9w==",
      "requires": {
        "@turf/helpers": "^6.3.0",
        "@turf/invariant": "^6.3.0"
      }
    },
    "@turf/helpers": {
      "version": "6.3.0",
      "resolved": "https://registry.npmjs.org/@turf/helpers/-/helpers-6.3.0.tgz",
      "integrity": "sha512-kr6KuD4Z0GZ30tblTEvi90rvvVNlKieXuMC8CTzE/rVQb0/f/Cb29zCXxTD7giQTEQY/P2nRW23wEqqyNHulCg=="
    },
    "@turf/invariant": {
      "version": "6.3.0",
      "resolved": "https://registry.npmjs.org/@turf/invariant/-/invariant-6.3.0.tgz",
      "integrity": "sha512-2OFOi9p+QOrcIMySEnr+WlOiKaFZ1bY56jA98YyECewJHfhPFWUBZEhc4nWGRT0ahK08Vus9+gcuBX8QIpCIIw==",
      "requires": {
        "@turf/helpers": "^6.3.0"
      }
    },
    "@turf/line-intersect": {
      "version": "6.3.0",
      "resolved": "https://registry.npmjs.org/@turf/line-intersect/-/line-intersect-6.3.0.tgz",
      "integrity": "sha512-3naxR7XpkPd2vst3Mw6DFry4C9m3o0/f2n/xu5UAyxb88Ie4m2k+1eqkhzMMx/0L+E6iThWpLx7DASM6q6o9ow==",
      "requires": {
        "@turf/helpers": "^6.3.0",
        "@turf/invariant": "^6.3.0",
        "@turf/line-segment": "^6.3.0",
        "@turf/meta": "^6.3.0",
        "geojson-rbush": "3.x"
      }
    },
    "@turf/line-segment": {
      "version": "6.3.0",
      "resolved": "https://registry.npmjs.org/@turf/line-segment/-/line-segment-6.3.0.tgz",
      "integrity": "sha512-M+aDy83V+E7jYWNaf+b+A88yhnMrJhyg/lhAj6mU6UeB2PbruXB2qgSmmVDSE2dIknOvZZuIWNzEzUI07RO2kw==",
      "requires": {
        "@turf/helpers": "^6.3.0",
        "@turf/invariant": "^6.3.0",
        "@turf/meta": "^6.3.0"
      }
    },
    "@turf/meta": {
      "version": "6.3.0",
      "resolved": "https://registry.npmjs.org/@turf/meta/-/meta-6.3.0.tgz",
      "integrity": "sha512-qBJjaAJS9H3ap0HlGXyF/Bzfl0qkA9suafX/jnDsZvWMfVLt+s+o6twKrXOGk5t7nnNON2NFRC8+czxpu104EQ==",
      "requires": {
        "@turf/helpers": "^6.3.0"
      }
    },
    "@turf/nearest-point-on-line": {
      "version": "6.3.0",
      "resolved": "https://registry.npmjs.org/@turf/nearest-point-on-line/-/nearest-point-on-line-6.3.0.tgz",
      "integrity": "sha512-b4C9Md1VbGn9chMgdSj2grJD4w4t0owEWOKEBwOZfdhrcksyOedVvKB7XqOFdj/8Jitel40EKAC5LQTNu24kEQ==",
      "requires": {
        "@turf/bearing": "^6.3.0",
        "@turf/destination": "^6.3.0",
        "@turf/distance": "^6.3.0",
        "@turf/helpers": "^6.3.0",
        "@turf/invariant": "^6.3.0",
        "@turf/line-intersect": "^6.3.0",
        "@turf/meta": "^6.3.0"
      }
    },
    "@turf/points-within-polygon": {
      "version": "5.1.5",
      "resolved": "https://registry.npmjs.org/@turf/points-within-polygon/-/points-within-polygon-5.1.5.tgz",
      "integrity": "sha1-K4VaXfOq2lfC7oIKB1SrlJKKIzc=",
      "requires": {
        "@turf/boolean-point-in-polygon": "^5.1.5",
        "@turf/helpers": "^5.1.5",
        "@turf/meta": "^5.1.5"
      },
      "dependencies": {
        "@turf/helpers": {
          "version": "5.1.5",
          "resolved": "https://registry.npmjs.org/@turf/helpers/-/helpers-5.1.5.tgz",
          "integrity": "sha1-FTQFInq5M9AEpbuWQantmZ/L4M8="
        },
        "@turf/meta": {
          "version": "5.2.0",
          "resolved": "https://registry.npmjs.org/@turf/meta/-/meta-5.2.0.tgz",
          "integrity": "sha1-OxrUhe4MOwsXdRMqMsOE1T5LpT0=",
          "requires": {
            "@turf/helpers": "^5.1.5"
          }
        }
      }
    },
    "assertion-error": {
      "version": "1.1.0",
      "resolved": "https://registry.npmjs.org/assertion-error/-/assertion-error-1.1.0.tgz",
      "integrity": "sha512-jgsaNduz+ndvGyFt3uSuWqvy4lCnIJiovtouQN5JZHOKCS2QuhEdbcQHFhVksz2N2U9hXJo8odG7ETyWlEeuDw=="
    },
    "chai": {
      "version": "4.3.4",
      "resolved": "https://registry.npmjs.org/chai/-/chai-4.3.4.tgz",
      "integrity": "sha512-yS5H68VYOCtN1cjfwumDSuzn/9c+yza4f3reKXlE5rUg7SFcCEy90gJvydNgOYtblyf4Zi6jIWRnXOgErta0KA==",
      "requires": {
        "assertion-error": "^1.1.0",
        "check-error": "^1.0.2",
        "deep-eql": "^3.0.1",
        "get-func-name": "^2.0.0",
        "pathval": "^1.1.1",
        "type-detect": "^4.0.5"
      }
    },
    "check-error": {
      "version": "1.0.2",
      "resolved": "https://registry.npmjs.org/check-error/-/check-error-1.0.2.tgz",
      "integrity": "sha1-V00xLt2Iu13YkS6Sht1sCu1KrII="
    },
    "deep-eql": {
      "version": "3.0.1",
      "resolved": "https://registry.npmjs.org/deep-eql/-/deep-eql-3.0.1.tgz",
      "integrity": "sha512-+QeIQyN5ZuO+3Uk5DYh6/1eKO0m0YmJFGNmFHGACpf1ClL1nmlV/p4gNgbl2pJGxgXb4faqo6UE+M5ACEMyVcw==",
      "requires": {
        "type-detect": "^4.0.0"
      }
    },
    "geojson-rbush": {
      "version": "3.1.2",
      "resolved": "https://registry.npmjs.org/geojson-rbush/-/geojson-rbush-3.1.2.tgz",
      "integrity": "sha512-grkfdg3HIeTjwTfiJe5FT8+fGU3fABCc+vRJDBwdQz9kkLF0Sbif2gs2JUzjewwgmnvLGy9fInySDeADoNuk7w==",
      "requires": {
        "@turf/bbox": "*",
        "@turf/helpers": "6.x",
        "@turf/meta": "6.x",
        "rbush": "^2.0.0"
      }
    },
    "get-func-name": {
      "version": "2.0.0",
      "resolved": "https://registry.npmjs.org/get-func-name/-/get-func-name-2.0.0.tgz",
      "integrity": "sha1-6td0q+5y4gQJQzoGY2YCPdaIekE="
    },
    "jsts": {
      "version": "2.6.1",
      "resolved": "https://registry.npmjs.org/jsts/-/jsts-2.6.1.tgz",
      "integrity": "sha512-+uKq5RhZ2ZBDghNVhd6fnHXPlpuBg5zGln4piL0fWlaWiP91WI4bsOM3BBCbntTvo2iYTQ+Kqrqhes5yPe0s9Q=="
    },
    "max-inscribed-circle": {
      "version": "2.0.1",
      "resolved": "https://registry.npmjs.org/max-inscribed-circle/-/max-inscribed-circle-2.0.1.tgz",
      "integrity": "sha512-XQY51/9YsP+DpuXEoWrz8C1CI0z6IGjJ/PZjViFHwI9juIu/yT9e86oTuhwjoVwVKcGlQ8e9ej5mgTh++DwF1g==",
      "requires": {
        "@turf/area": "^6.0.1",
        "@turf/centroid": "^6.0.2",
        "@turf/nearest-point-on-line": "^6.0.2",
        "@turf/points-within-polygon": "^5.1.5",
        "chai": "^4.2.0",
        "turf-point": "^2.0.1",
        "voronoi": "^1.0.0"
      }
    },
    "minimist": {
      "version": "1.2.8",
      "resolved": "https://registry.npmjs.org/minimist/-/minimist-1.2.8.tgz",
      "integrity": "sha512-2yyAR8qBkN3YuheJanUpWC5U3bb5osDywNB8RzDVlDwDHbocAJveqqj1u8+SVD7jkWT4yvsHCpWqqWqAxb0zCA=="
    },
    "pathval": {
      "version": "1.1.1",
      "resolved": "https://registry.npmjs.org/pathval/-/pathval-1.1.1.tgz",
      "integrity": "sha512-Dp6zGqpTdETdR63lehJYPeIOqpiNBNtc7BpWSLrOje7UaIsE5aY92r/AunQA7rsXvet3lrJ3JnZX29UPTKXyKQ=="
    },
    "quickselect": {
      "version": "1.1.1",
      "resolved": "https://registry.npmjs.org/quickselect/-/quickselect-1.1.1.tgz",
      "integrity": "sha512-qN0Gqdw4c4KGPsBOQafj6yj/PA6c/L63f6CaZ/DCF/xF4Esu3jVmKLUDYxghFx8Kb/O7y9tI7x2RjTSXwdK1iQ=="
    },
    "rbush": {
      "version": "2.0.2",
      "resolved": "https://registry.npmjs.org/rbush/-/rbush-2.0.2.tgz",
      "integrity": "sha512-XBOuALcTm+O/H8G90b6pzu6nX6v2zCKiFG4BJho8a+bY6AER6t8uQUZdi5bomQc0AprCWhEGa7ncAbbRap0bRA==",
      "requires": {
        "quickselect": "^1.0.1"
      }
    },
    "turf-point": {
      "version": "2.0.1",
      "resolved": "https://registry.npmjs.org/turf-point/-/turf-point-2.0.1.tgz",
      "integrity": "sha1-otzDCi0g9Ez1xicd97riwOIUYGk=",
      "requires": {
        "minimist": "^1.1.0"
      }
    },
    "type-detect": {
      "version": "4.0.8",
      "resolved": "https://registry.npmjs.org/type-detect/-/type-detect-4.0.8.tgz",
      "integrity": "sha512-0fr/mIH1dlO+x7TlcMy+bIDqKPsw/70tVyeHW787goQjhmqaZe10uwLujubK9q9Lg6Fiho1KUKDYz0Z7k7g5/g=="
    },
    "voronoi": {
      "version": "1.0.0",
      "resolved": "https://registry.npmjs.org/voronoi/-/voronoi-1.0.0.tgz",
      "integrity": "sha1-wIPK+pjENZpRgBi/6IYkyyJ6wpE="
    }
  }
}
